
Microsoft Visual Studio Solution File, Format Version 12.00
# Visual Studio Version 17
VisualStudioVersion = 17.4.33213.308
MinimumVisualStudioVersion = 10.0.40219.1
Project("{FAE04EC0-301F-11D3-BF4B-00C04F79EFBC}") = "Gestionale_Pizzeria", "Gestionale_Pizzeria\Gestionale_Pizzeria.csproj", "{BCC13E9C-68C2-47FE-A7F6-454CEB8EC30A}"
EndProject
Global
	GlobalSection(SolutionConfigurationPlatforms) = preSolution
		Debug|Any CPU = Debug|Any CPU
		Release|Any CPU = Release|Any CPU
	EndGlobalSection
	GlobalSection(ProjectConfigurationPlatforms) = postSolution
		{BCC13E9C-68C2-47FE-A7F6-454CEB8EC30A}.Debug|Any CPU.ActiveCfg = Debug|Any CPU
		{BCC13E9C-68C2-47FE-A7F6-454CEB8EC30A}.Debug|Any CPU.Build.0 = Debug|Any CPU
		{BCC13E9C-68C2-47FE-A7F6-454CEB8EC30A}.Release|Any CPU.ActiveCfg = Release|Any CPU
		{BCC13E9C-68C2-47FE-A7F6-454CEB8EC30A}.Release|Any CPU.Build.0 = Release|Any CPU
	EndGlobalSection
	GlobalSection(SolutionProperties) = preSolution
		HideSolutionNode = FALSE
	EndGlobalSection
	GlobalSection(ExtensibilityGlobals) = postSolution
		SolutionGuid = {F15E39DD-10FD-4053-9C05-5C35FA5FA8FB}
	EndGlobalSection
EndGlobal
